
Microsoft Visual Studio Solution File, Format Version 12.00
# Visual Studio Version 17
VisualStudioVersion = 17.0.31521.260
MinimumVisualStudioVersion = 10.0.40219.1
Project("{9A19103F-16F7-4668-BE54-9A1E7A4F7556}") = "tutorial1", "tutorial1.csproj", "{183C0BFD-DA71-4D5E-935E-3F7D56A3E4B2}"
EndProject
Global
	GlobalSection(SolutionConfigurationPlatforms) = preSolution
		Debug|Any CPU = Debug|Any CPU
		Release|Any CPU = Release|Any CPU
	EndGlobalSection
	GlobalSection(ProjectConfigurationPlatforms) = postSolution
		{183C0BFD-DA71-4D5E-935E-3F7D56A3E4B2}.Debug|Any CPU.ActiveCfg = Debug|Any CPU
		{183C0BFD-DA71-4D5E-935E-3F7D56A3E4B2}.Debug|Any CPU.Build.0 = Debug|Any CPU
		{183C0BFD-DA71-4D5E-935E-3F7D56A3E4B2}.Release|Any CPU.ActiveCfg = Release|Any CPU
		{183C0BFD-DA71-4D5E-935E-3F7D56A3E4B2}.Release|Any CPU.Build.0 = Release|Any CPU
	EndGlobalSection
	GlobalSection(SolutionProperties) = preSolution
		HideSolutionNode = FALSE
	EndGlobalSection
	GlobalSection(ExtensibilityGlobals) = postSolution
		SolutionGuid = {3E6D4B22-5203-4736-995B-925F5CD00567}
	EndGlobalSection
EndGlobal
